<?xml version="1.0" encoding="utf-8"?>
<Project ToolsVersion="4.0" xmlns="http://schemas.microsoft.com/developer/msbuild/2003">
  <ItemGroup>
    <Filter Include="Source Files">
      <UniqueIdentifier>{4FC737F1-C7A5-4376-A066-2A32D752A2FF}</UniqueIdentifier>
      <Extensions>cpp;c;cc;cxx;def;odl;idl;hpj;bat;asm;asmx</Extensions>
    </Filter>
    <Filter Include="Header Files">
      <UniqueIdentifier>{93995380-89BD-4b04-88EB-625FBE52EBFB}</UniqueIdentifier>
      <Extensions>h;hh;hpp;hxx;hm;inl;inc;xsd</Extensions>
    </Filter>
    <Filter Include="Resource Files">
      <UniqueIdentifier>{67DA6AB6-F800-4c08-8B7A-83BB121AAD01}</UniqueIdentifier>
      <Extensions>rc;ico;cur;bmp;dlg;rc2;rct;bin;rgs;gif;jpg;jpeg;jpe;resx;tiff;tif;png;wav;mfcribbon-ms</Extensions>
    </Filter>
  </ItemGroup>
  <ItemGroup>
    <ClCompile Include="SDK\Features\lagcomp\lagcomp.cpp">
      <Filter>Source Files</Filter>
    </ClCompile>
    <ClCompile Include="SDK\Features\engine prediction\engine prediction.cpp">
      <Filter>Source Files</Filter>
    </ClCompile>
    <ClCompile Include="SDK\Features\ragebot\ragebot.cpp">
      <Filter>Source Files</Filter>
    </ClCompile>
    <ClCompile Include="SDK\Features\visuals\visuals.cpp">
      <Filter>Source Files</Filter>
    </ClCompile>
    <ClCompile Include="SDK\Utils\D3DFont.cpp">
      <Filter>Source Files</Filter>
    </ClCompile>
    <ClCompile Include="SDK\Utils\DrawManager.cpp">
      <Filter>Source Files</Filter>
    </ClCompile>
    <ClCompile Include="SDK\Utils\GlobalVars.cpp">
      <Filter>Source Files</Filter>
    </ClCompile>
    <ClCompile Include="SDK\Utils\Interfaces.cpp">
      <Filter>Source Files</Filter>
    </ClCompile>
    <ClCompile Include="SDK\Utils\Math.cpp">
      <Filter>Source Files</Filter>
    </ClCompile>
    <ClCompile Include="SDK\Utils\NetvarManager.cpp">
      <Filter>Source Files</Filter>
    </ClCompile>
    <ClCompile Include="SDK\DLLMain.cpp">
      <Filter>Source Files</Filter>
    </ClCompile>
    <ClCompile Include="SDK\Hooks.cpp">
      <Filter>Source Files</Filter>
    </ClCompile>
    <ClCompile Include="SDK\Features\visuals\chams.cpp">
      <Filter>Source Files</Filter>
    </ClCompile>
    <ClCompile Include="SDK\Features\antiaim\antiaim.cpp">
      <Filter>Source Files</Filter>
    </ClCompile>
    <ClCompile Include="SDK\Features\misc\misc.cpp">
      <Filter>Source Files</Filter>
    </ClCompile>
    <ClCompile Include="SDK\GUI\ImGUI\imgui.cpp">
      <Filter>Source Files</Filter>
    </ClCompile>
    <ClCompile Include="SDK\GUI\ImGUI\imgui_draw.cpp">
      <Filter>Source Files</Filter>
    </ClCompile>
    <ClCompile Include="SDK\GUI\ImGUI\dx9\imgui_dx9.cpp">
      <Filter>Source Files</Filter>
    </ClCompile>
    <ClCompile Include="SDK\Menu.cpp">
      <Filter>Source Files</Filter>
    </ClCompile>
    <ClCompile Include="SDK\SDK\CCSGOAnimationState.cpp">
      <Filter>Source Files</Filter>
    </ClCompile>
    <ClCompile Include="SDK\SDK\CBaseEntity.cpp">
      <Filter>Source Files</Filter>
    </ClCompile>
    <ClCompile Include="SDK\SDK\CBaseCombatWeapon.cpp">
      <Filter>Source Files</Filter>
    </ClCompile>
  </ItemGroup>
  <ItemGroup>
    <ClInclude Include="Antario\Menu.h">
      <Filter>Header Files</Filter>
    </ClInclude>
    <ClInclude Include="SDK\Features\lagcomp\lagcomp.h">
      <Filter>Header Files</Filter>
    </ClInclude>
    <ClInclude Include="SDK\Features\engine prediction\engine prediction.h">
      <Filter>Header Files</Filter>
    </ClInclude>
    <ClInclude Include="SDK\Features\ragebot\ragebot.h">
      <Filter>Header Files</Filter>
    </ClInclude>
    <ClInclude Include="SDK\Features\visuals\visuals.h">
      <Filter>Header Files</Filter>
    </ClInclude>
    <ClInclude Include="SDK\SDK\CGlobalVarsBase.h">
      <Filter>Header Files</Filter>
    </ClInclude>
    <ClInclude Include="SDK\SDK\CHandle.h">
      <Filter>Header Files</Filter>
    </ClInclude>
    <ClInclude Include="SDK\SDK\CInput.h">
      <Filter>Header Files</Filter>
    </ClInclude>
    <ClInclude Include="SDK\SDK\ClientClass.h">
      <Filter>Header Files</Filter>
    </ClInclude>
    <ClInclude Include="SDK\SDK\CPrediction.h">
      <Filter>Header Files</Filter>
    </ClInclude>
    <ClInclude Include="SDK\SDK\DebugOverlay.h">
      <Filter>Header Files</Filter>
    </ClInclude>
    <ClInclude Include="SDK\SDK\Definitions.h">
      <Filter>Header Files</Filter>
    </ClInclude>
    <ClInclude Include="SDK\SDK\IAppSystem.h">
      <Filter>Header Files</Filter>
    </ClInclude>
    <ClInclude Include="SDK\SDK\IBaseClientDll.h">
      <Filter>Header Files</Filter>
    </ClInclude>
    <ClInclude Include="SDK\SDK\IClientEntity.h">
      <Filter>Header Files</Filter>
    </ClInclude>
    <ClInclude Include="SDK\SDK\IClientEntityList.h">
      <Filter>Header Files</Filter>
    </ClInclude>
    <ClInclude Include="SDK\SDK\IClientMode.h">
      <Filter>Header Files</Filter>
    </ClInclude>
    <ClInclude Include="SDK\SDK\IClientNetworkable.h">
      <Filter>Header Files</Filter>
    </ClInclude>
    <ClInclude Include="SDK\SDK\IClientRenderable.h">
      <Filter>Header Files</Filter>
    </ClInclude>
    <ClInclude Include="SDK\SDK\IClientThinkable.h">
      <Filter>Header Files</Filter>
    </ClInclude>
    <ClInclude Include="SDK\SDK\IClientUnknown.h">
      <Filter>Header Files</Filter>
    </ClInclude>
    <ClInclude Include="SDK\SDK\ICVar.h">
      <Filter>Header Files</Filter>
    </ClInclude>
    <ClInclude Include="SDK\SDK\IEngineTrace.h">
      <Filter>Header Files</Filter>
    </ClInclude>
    <ClInclude Include="SDK\SDK\IGameEvent.h">
      <Filter>Header Files</Filter>
    </ClInclude>
    <ClInclude Include="SDK\SDK\IMaterialSystem.h">
      <Filter>Header Files</Filter>
    </ClInclude>
    <ClInclude Include="SDK\SDK\IPanel.h">
      <Filter>Header Files</Filter>
    </ClInclude>
    <ClInclude Include="SDK\SDK\IPhysics.h">
      <Filter>Header Files</Filter>
    </ClInclude>
    <ClInclude Include="SDK\SDK\IRenderView.h">
      <Filter>Header Files</Filter>
    </ClInclude>
    <ClInclude Include="SDK\SDK\ISurface.h">
      <Filter>Header Files</Filter>
    </ClInclude>
    <ClInclude Include="SDK\SDK\IVEngineClient.h">
      <Filter>Header Files</Filter>
    </ClInclude>
    <ClInclude Include="SDK\SDK\IVModelInfoClient.h">
      <Filter>Header Files</Filter>
    </ClInclude>
    <ClInclude Include="SDK\SDK\IVModelRender.h">
      <Filter>Header Files</Filter>
    </ClInclude>
    <ClInclude Include="SDK\SDK\IWeaponSystem.h">
      <Filter>Header Files</Filter>
    </ClInclude>
    <ClInclude Include="SDK\SDK\KeyValues.h">
      <Filter>Header Files</Filter>
    </ClInclude>
    <ClInclude Include="SDK\SDK\PlayerInfo.h">
      <Filter>Header Files</Filter>
    </ClInclude>
    <ClInclude Include="SDK\SDK\Recv.h">
      <Filter>Header Files</Filter>
    </ClInclude>
    <ClInclude Include="SDK\SDK\Studio.h">
      <Filter>Header Files</Filter>
    </ClInclude>
    <ClInclude Include="SDK\SDK\Vector.h">
      <Filter>Header Files</Filter>
    </ClInclude>
    <ClInclude Include="SDK\SDK\VMatrix.h">
      <Filter>Header Files</Filter>
    </ClInclude>
    <ClInclude Include="SDK\Utils\Color.h">
      <Filter>Header Files</Filter>
    </ClInclude>
    <ClInclude Include="SDK\Utils\D3DFont.h">
      <Filter>Header Files</Filter>
    </ClInclude>
    <ClInclude Include="SDK\Utils\DrawManager.h">
      <Filter>Header Files</Filter>
    </ClInclude>
    <ClInclude Include="SDK\Utils\GlobalVars.h">
      <Filter>Header Files</Filter>
    </ClInclude>
    <ClInclude Include="SDK\Utils\Interfaces.h">
      <Filter>Header Files</Filter>
    </ClInclude>
    <ClInclude Include="SDK\Utils\Math.h">
      <Filter>Header Files</Filter>
    </ClInclude>
    <ClInclude Include="SDK\Utils\NetvarManager.h">
      <Filter>Header Files</Filter>
    </ClInclude>
    <ClInclude Include="SDK\Utils\SPoint.h">
      <Filter>Header Files</Filter>
    </ClInclude>
    <ClInclude Include="SDK\Utils\SRect.h">
      <Filter>Header Files</Filter>
    </ClInclude>
    <ClInclude Include="SDK\Utils\Utils.h">
      <Filter>Header Files</Filter>
    </ClInclude>
    <ClInclude Include="SDK\Hooks.h">
      <Filter>Header Files</Filter>
    </ClInclude>
    <ClInclude Include="SDK\Settings.h">
      <Filter>Header Files</Filter>
    </ClInclude>
    <ClInclude Include="SDK\Features\visuals\chams.h">
      <Filter>Header Files</Filter>
    </ClInclude>
    <ClInclude Include="SDK\Features\antiaim\antiaim.h">
      <Filter>Header Files</Filter>
    </ClInclude>
    <ClInclude Include="SDK\Features\misc\misc.h">
      <Filter>Header Files</Filter>
    </ClInclude>
    <ClInclude Include="SDK\SDK\CBaseCombatWeapon.h">
      <Filter>Header Files</Filter>
    </ClInclude>
    <ClInclude Include="SDK\SDK\CBaseEntity.h">
      <Filter>Header Files</Filter>
    </ClInclude>
    <ClInclude Include="SDK\SDK\CCSGOAnimationState.h">
      <Filter>Header Files</Filter>
    </ClInclude>
    <ClInclude Include="detour\detours.h">
      <Filter>Header Files</Filter>
    </ClInclude>
    <ClInclude Include="SDK\GUI\ImGUI\imconfig.h">
      <Filter>Header Files</Filter>
    </ClInclude>
    <ClInclude Include="SDK\GUI\ImGUI\imgui.h">
      <Filter>Header Files</Filter>
    </ClInclude>
    <ClInclude Include="SDK\GUI\ImGUI\imgui_internal.h">
      <Filter>Header Files</Filter>
    </ClInclude>
    <ClInclude Include="SDK\GUI\ImGUI\stb_rect_pack.h">
      <Filter>Header Files</Filter>
    </ClInclude>
    <ClInclude Include="SDK\GUI\ImGUI\stb_textedit.h">
      <Filter>Header Files</Filter>
    </ClInclude>
    <ClInclude Include="SDK\GUI\ImGUI\stb_truetype.h">
      <Filter>Header Files</Filter>
    </ClInclude>
    <ClInclude Include="SDK\GUI\ImGUI\dx9\imgui_dx9.h">
      <Filter>Header Files</Filter>
    </ClInclude>
    <ClInclude Include="SDK\Menu.h">
      <Filter>Header Files</Filter>
    </ClInclude>
  </ItemGroup>
  <ItemGroup>
    <Library Include="detour\detours.lib" />
  </ItemGroup>
  <ItemGroup>
    <None Include="detour\detours.pdb" />
  </ItemGroup>
</Project>